# THIS IS AN AUTOGENERATED FILE. DO NOT EDIT THIS FILE DIRECTLY.
# yarn lockfile v1


"@babel/standalone@^7.16.4":
  version "7.16.7"
  resolved "https://registry.yarnpkg.com/@babel/standalone/-/standalone-7.16.7.tgz#4b9eff3e88da411df083ada5730d512ef127cca4"
  integrity sha512-NlZijlgcJ45JRdk/3c+Q034+Ngi9oJBgemfVRLULb6iv6lyQaHm4LeRNtWtPWNmr3auRrMs/nc8ZQ/8OyIbeuw==

"@codemirror/autocomplete@^0.19.0":
  version "0.19.10"
  resolved "https://registry.yarnpkg.com/@codemirror/autocomplete/-/autocomplete-0.19.10.tgz#d8f7079da99cf0bfa7f33ffe10a590f2ff226f36"
  integrity sha512-8mgT+cSVxIoV/AbfJ36+r06xykxpACmXoD8bbTNwnkrttTwLkugxUP2oFAxL7I+TGMwxkX3ZquroyWX0HFO9nQ==
  dependencies:
    "@codemirror/language" "^0.19.0"
    "@codemirror/state" "^0.19.4"
    "@codemirror/text" "^0.19.2"
    "@codemirror/tooltip" "^0.19.0"
    "@codemirror/view" "^0.19.0"
    "@lezer/common" "^0.15.0"

"@codemirror/basic-setup@^0.19.1":
  version "0.19.1"
  resolved "https://registry.yarnpkg.com/@codemirror/basic-setup/-/basic-setup-0.19.1.tgz#17b27d02f15c628eb62a85d01e3e1b1958933eb4"
  integrity sha512-gLjD7YgZU/we6BzS/ecCmD3viw83dsgv5ZUaSydYbYx9X4w4w9RqYnckcJ+0GDyHfNr5Jtfv2Z5ZtFQnBj0UDA==
  dependencies:
    "@codemirror/autocomplete" "^0.19.0"
    "@codemirror/closebrackets" "^0.19.0"
    "@codemirror/commands" "^0.19.0"
    "@codemirror/comment" "^0.19.0"
    "@codemirror/fold" "^0.19.0"
    "@codemirror/gutter" "^0.19.0"
    "@codemirror/highlight" "^0.19.0"
    "@codemirror/history" "^0.19.0"
    "@codemirror/language" "^0.19.0"
    "@codemirror/lint" "^0.19.0"
    "@codemirror/matchbrackets" "^0.19.0"
    "@codemirror/rectangular-selection" "^0.19.0"
    "@codemirror/search" "^0.19.0"
    "@codemirror/state" "^0.19.0"
    "@codemirror/view" "^0.19.31"

"@codemirror/closebrackets@^0.19.0":
  version "0.19.0"
  resolved "https://registry.yarnpkg.com/@codemirror/closebrackets/-/closebrackets-0.19.0.tgz#69fdcee85779d638a00a42becd9f53a33a26d77f"
  integrity sha512-dFWX5OEVYWRNtGaifSbwIAlymnRRjxWMiMbffbAjF7p0zfGHDbdGkiT56q3Xud63h5/tQdSo5dK1iyNTzHz5vg==
  dependencies:
    "@codemirror/language" "^0.19.0"
    "@codemirror/rangeset" "^0.19.0"
    "@codemirror/state" "^0.19.0"
    "@codemirror/text" "^0.19.0"
    "@codemirror/view" "^0.19.0"

"@codemirror/commands@^0.19.0":
  version "0.19.6"
  resolved "https://registry.yarnpkg.com/@codemirror/commands/-/commands-0.19.6.tgz#1568cf2c45a05864c1a4229575c5ac367ebbad9f"
  integrity sha512-Mjc3ZfTifOn0h5499xI3MfCVIZvO2I0ochgzxfRtPOFwfXX/k7HTgnK0/KzuGDINyxUVeDaFCkf53TyyWjdxMQ==
  dependencies:
    "@codemirror/language" "^0.19.0"
    "@codemirror/matchbrackets" "^0.19.0"
    "@codemirror/state" "^0.19.2"
    "@codemirror/text" "^0.19.0"
    "@codemirror/view" "^0.19.22"
    "@lezer/common" "^0.15.0"

"@codemirror/comment@^0.19.0":
  version "0.19.0"
  resolved "https://registry.yarnpkg.com/@codemirror/comment/-/comment-0.19.0.tgz#4f23497924e9346898c2e0123011acc535a0bea6"
  integrity sha512-3hqAd0548fxqOBm4khFMcXVIivX8p0bSlbAuZJ6PNoUn/0wXhxkxowPp0FmFzU2+y37Z+ZQF5cRB5EREWPRIiQ==
  dependencies:
    "@codemirror/state" "^0.19.0"
    "@codemirror/text" "^0.19.0"
    "@codemirror/view" "^0.19.0"

"@codemirror/fold@^0.19.0":
  version "0.19.2"
  resolved "https://registry.yarnpkg.com/@codemirror/fold/-/fold-0.19.2.tgz#9d4e0c0f9f3bb2fcded7d82bea14ce39310e8e2a"
  integrity sha512-FLi6RBhHPBnSbKZEu1S98z+VYSP5678cMdYVqhR58OWWTkEiLRVPeCTj8FhRKNL9B8Gx+lBQhGq3uwr3KtSs8w==
  dependencies:
    "@codemirror/gutter" "^0.19.0"
    "@codemirror/language" "^0.19.0"
    "@codemirror/rangeset" "^0.19.0"
    "@codemirror/state" "^0.19.0"
    "@codemirror/view" "^0.19.22"

"@codemirror/gutter@^0.19.0", "@codemirror/gutter@^0.19.4":
  version "0.19.9"
  resolved "https://registry.yarnpkg.com/@codemirror/gutter/-/gutter-0.19.9.tgz#bbb69f4d49570d9c1b3f3df5d134980c516cd42b"
  integrity sha512-PFrtmilahin1g6uL27aG5tM/rqR9DZzZYZsIrCXA5Uc2OFTFqx4owuhoU9hqfYxHp5ovfvBwQ+txFzqS4vog6Q==
  dependencies:
    "@codemirror/rangeset" "^0.19.0"
    "@codemirror/state" "^0.19.0"
    "@codemirror/view" "^0.19.23"

"@codemirror/highlight@^0.19.0", "@codemirror/highlight@^0.19.7":
  version "0.19.7"
  resolved "https://registry.yarnpkg.com/@codemirror/highlight/-/highlight-0.19.7.tgz#91a0c9994c759f5f153861e3aae74ff9e7c7c35b"
  integrity sha512-3W32hBCY0pbbv/xidismw+RDMKuIag+fo4kZIbD7WoRj+Ttcaxjf+vP6RttRHXLaaqbWh031lTeON8kMlDhMYw==
  dependencies:
    "@codemirror/language" "^0.19.0"
    "@codemirror/rangeset" "^0.19.0"
    "@codemirror/state" "^0.19.3"
    "@codemirror/view" "^0.19.0"
    "@lezer/common" "^0.15.0"
    style-mod "^4.0.0"

"@codemirror/history@^0.19.0":
  version "0.19.2"
  resolved "https://registry.yarnpkg.com/@codemirror/history/-/history-0.19.2.tgz#25e3fda755f77ac1223a6ae6e9d7899f5919265e"
  integrity sha512-unhP4t3N2smzmHoo/Yio6ueWi+il8gm9VKrvi6wlcdGH5fOfVDNkmjHQ495SiR+EdOG35+3iNebSPYww0vN7ow==
  dependencies:
    "@codemirror/state" "^0.19.2"
    "@codemirror/view" "^0.19.0"

"@codemirror/lang-javascript@^0.19.4":
  version "0.19.4"
  resolved "https://registry.yarnpkg.com/@codemirror/lang-javascript/-/lang-javascript-0.19.4.tgz#925447438a22da895030631bdd7e7ade8241a370"
  integrity sha512-oRANfqQH5XNcfr0Y9pIzAxqXldLmCLpklknODtmEAZ8wQNBiVmgIeLb3JXdOJ43iZWnnmetkDOctFy/N8KuD4Q==
  dependencies:
    "@codemirror/autocomplete" "^0.19.0"
    "@codemirror/highlight" "^0.19.7"
    "@codemirror/language" "^0.19.0"
    "@codemirror/lint" "^0.19.0"
    "@codemirror/state" "^0.19.0"
    "@codemirror/view" "^0.19.0"
    "@lezer/javascript" "^0.15.1"

"@codemirror/lang-rust@^0.19.1":
  version "0.19.1"
  resolved "https://registry.yarnpkg.com/@codemirror/lang-rust/-/lang-rust-0.19.1.tgz#3ed1386bbc825ae5dbd09b28f31a9ee4ec0dae86"
  integrity sha512-T/LzRC5bMPvkMg11kr/jnpScqsE68B+F0SYqjyQTzQ+666RhHJICDCSlk7wbIrJi/fagpBwvuAmo2LgQ8dcGsQ==
  dependencies:
    "@codemirror/highlight" "^0.19.0"
    "@codemirror/language" "^0.19.0"
    "@lezer/rust" "^0.15.0"

"@codemirror/language@^0.19.0":
  version "0.19.7"
  resolved "https://registry.yarnpkg.com/@codemirror/language/-/language-0.19.7.tgz#9eef8e827692d93a701b18db9d46a42be34ecca6"
  integrity sha512-pNNUtYWMIMG0lUSKyUXJr8U0rFiCKsKFXbA2Oj17PC+S1FY99hV0z1vcntW67ekAIZw9DMEUQnLsKBuIbAUX7Q==
  dependencies:
    "@codemirror/state" "^0.19.0"
    "@codemirror/text" "^0.19.0"
    "@codemirror/view" "^0.19.0"
    "@lezer/common" "^0.15.5"
    "@lezer/lr" "^0.15.0"

"@codemirror/lint@^0.19.0":
  version "0.19.3"
  resolved "https://registry.yarnpkg.com/@codemirror/lint/-/lint-0.19.3.tgz#84101d0967fea8df114a8f0f79965c22ccd3b3cc"
  integrity sha512-+c39s05ybD2NjghxkPFsUbH/qBL0cdzKmtHbzUm0RVspeL2OiP7uHYJ6J5+Qr9RjMIPWzcqSauRqxfmCrctUfg==
  dependencies:
    "@codemirror/gutter" "^0.19.4"
    "@codemirror/panel" "^0.19.0"
    "@codemirror/rangeset" "^0.19.1"
    "@codemirror/state" "^0.19.4"
    "@codemirror/tooltip" "^0.19.5"
    "@codemirror/view" "^0.19.0"
    crelt "^1.0.5"

"@codemirror/matchbrackets@^0.19.0":
  version "0.19.3"
  resolved "https://registry.yarnpkg.com/@codemirror/matchbrackets/-/matchbrackets-0.19.3.tgz#1f430ada6fa21af2205280ff344ef57bb95dd3cb"
  integrity sha512-ljkrBxaLgh8jesroUiBa57pdEwqJamxkukXrJpL9LdyFZVJaF+9TldhztRaMsMZO1XnCSSHQ9sg32iuHo7Sc2g==
  dependencies:
    "@codemirror/language" "^0.19.0"
    "@codemirror/state" "^0.19.0"
    "@codemirror/view" "^0.19.0"
    "@lezer/common" "^0.15.0"

"@codemirror/panel@^0.19.0":
  version "0.19.1"
  resolved "https://registry.yarnpkg.com/@codemirror/panel/-/panel-0.19.1.tgz#bf77d27b962cf16357139e50864d0eb69d634441"
  integrity sha512-sYeOCMA3KRYxZYJYn5PNlt9yNsjy3zTNTrbYSfVgjgL9QomIVgOJWPO5hZ2sTN8lufO6lw0vTBsIPL9MSidmBg==
  dependencies:
    "@codemirror/state" "^0.19.0"
    "@codemirror/view" "^0.19.0"

"@codemirror/rangeset@^0.19.0", "@codemirror/rangeset@^0.19.1", "@codemirror/rangeset@^0.19.5":
  version "0.19.6"
  resolved "https://registry.yarnpkg.com/@codemirror/rangeset/-/rangeset-0.19.6.tgz#2562850cb4ce7dd30088f4d13a13860b67e7d384"
  integrity sha512-wYtgGnW2Jtrh2nj7vpcBoEZib+jfyilrLN6w7YMTzzSRN8xXhYRorOUg4VQIa1JwFcMQrjSCkIdqXsDqOX1cYg==
  dependencies:
    "@codemirror/state" "^0.19.0"

"@codemirror/rectangular-selection@^0.19.0":
  version "0.19.1"
  resolved "https://registry.yarnpkg.com/@codemirror/rectangular-selection/-/rectangular-selection-0.19.1.tgz#5a88ece4fb68ce5682539497db8a64fc015aae63"
  integrity sha512-9ElnqOg3mpZIWe0prPRd1SZ48Q9QB3bR8Aocq8UtjboJSUG8ABhRrbuTZMW/rMqpBPSjVpCe9xkCCkEQMYQVmw==
  dependencies:
    "@codemirror/state" "^0.19.0"
    "@codemirror/text" "^0.19.4"
    "@codemirror/view" "^0.19.0"

"@codemirror/search@^0.19.0":
  version "0.19.5"
  resolved "https://registry.yarnpkg.com/@codemirror/search/-/search-0.19.5.tgz#cae88292a6b4a6d6e6a8b6218fe62355cf7f6055"
  integrity sha512-9kbtCBpMDlzcj7AptMRBx9BZpC5wz+/tG8nIe4vdpOszP08ZY2AcxN5nlhCoUSZu+pd0b6fYiwjLXOf000rRpw==
  dependencies:
    "@codemirror/panel" "^0.19.0"
    "@codemirror/rangeset" "^0.19.0"
    "@codemirror/state" "^0.19.3"
    "@codemirror/text" "^0.19.0"
    "@codemirror/view" "^0.19.0"
    crelt "^1.0.5"

"@codemirror/state@^0.19.0", "@codemirror/state@^0.19.2", "@codemirror/state@^0.19.3", "@codemirror/state@^0.19.4":
  version "0.19.6"
  resolved "https://registry.yarnpkg.com/@codemirror/state/-/state-0.19.6.tgz#d631f041d39ce41b7891b099fca26cb1fdb9763e"
  integrity sha512-sqIQZE9VqwQj7D4c2oz9mfLhlT1ElAzGB5lO1lE33BPyrdNy1cJyCIOecT4cn4VeJOFrnjOeu+IftZ3zqdFETw==
  dependencies:
    "@codemirror/text" "^0.19.0"

"@codemirror/text@^0.19.0", "@codemirror/text@^0.19.2", "@codemirror/text@^0.19.4":
  version "0.19.5"
  resolved "https://registry.yarnpkg.com/@codemirror/text/-/text-0.19.5.tgz#75033af2476214e79eae22b81ada618815441c18"
  integrity sha512-Syu5Xc7tZzeUAM/y4fETkT0zgGr48rDG+w4U38bPwSIUr+L9S/7w2wDE1WGNzjaZPz12F6gb1gxWiSTg9ocLow==

"@codemirror/tooltip@^0.19.0", "@codemirror/tooltip@^0.19.5":
  version "0.19.10"
  resolved "https://registry.yarnpkg.com/@codemirror/tooltip/-/tooltip-0.19.10.tgz#c9ce5f8844ef28ab24d4a5adab0fc7ed85c44b4a"
  integrity sha512-xqIhCHr+IYoamdNLvBnU/oDh92zPnsbT1zLaFtKTFi9GI9SxOfBhWY3jfMENlK0j1C9rk8+AvwpXblPGvY/O6w==
  dependencies:
    "@codemirror/state" "^0.19.0"
    "@codemirror/view" "^0.19.0"

"@codemirror/view@^0.19.0", "@codemirror/view@^0.19.22", "@codemirror/view@^0.19.23", "@codemirror/view@^0.19.31":
  version "0.19.39"
  resolved "https://registry.yarnpkg.com/@codemirror/view/-/view-0.19.39.tgz#016c49c5aa0e7f8aa50f5456fb866b75d65febf9"
  integrity sha512-ol4smHAwhWkW8p1diPZiZkLZVmKybKhQigwyrgdF7k1UFNY+/KDH4w2xic8JQXxX+v0ppMsoNf11C+afKJze5g==
  dependencies:
    "@codemirror/rangeset" "^0.19.5"
    "@codemirror/state" "^0.19.3"
    "@codemirror/text" "^0.19.0"
    style-mod "^4.0.0"
    w3c-keyname "^2.2.4"

"@cspotcode/source-map-consumer@0.8.0":
  version "0.8.0"
  resolved "https://registry.yarnpkg.com/@cspotcode/source-map-consumer/-/source-map-consumer-0.8.0.tgz#33bf4b7b39c178821606f669bbc447a6a629786b"
  integrity sha512-41qniHzTU8yAGbCp04ohlmSrZf8bkf/iJsl3V0dRGsQN/5GFfx+LbCSsCpp2gqrqjTVg/K6O8ycoV35JIwAzAg==

"@cspotcode/source-map-support@^0.7.0":
  version "0.7.0"
  resolved "https://registry.yarnpkg.com/@cspotcode/source-map-support/-/source-map-support-0.7.0.tgz#4789840aa859e46d2f3173727ab707c66bf344f5"
  integrity sha512-X4xqRHqN8ACt2aHVe51OxeA2HjbcL4MqFqXkrmQszJ1NOUuUu5u6Vqx/0lZSVNku7velL5FC/s5uEAj1lsBMhA==
  dependencies:
    "@cspotcode/source-map-consumer" "0.8.0"

"@dabh/diagnostics@^2.0.2":
  version "2.0.2"
  resolved "https://registry.yarnpkg.com/@dabh/diagnostics/-/diagnostics-2.0.2.tgz#290d08f7b381b8f94607dc8f471a12c675f9db31"
  integrity sha512-+A1YivoVDNNVCdfozHSR8v/jyuuLTMXwjWuxPFlFlUapXoGc+Gj9mDlTDDfrwl7rXCl2tNZ0kE8sIBO6YOn96Q==
  dependencies:
    colorspace "1.1.x"
    enabled "2.0.x"
    kuler "^2.0.0"

"@lezer/common@^0.15.0", "@lezer/common@^0.15.5":
  version "0.15.11"
  resolved "https://registry.yarnpkg.com/@lezer/common/-/common-0.15.11.tgz#965b5067036305f12e8a3efc344076850be1d3a8"
  integrity sha512-vv0nSdIaVCRcJ8rPuDdsrNVfBOYe/4Szr/LhF929XyDmBndLDuWiCCHooGlGlJfzELyO608AyDhVsuX/ZG36NA==

"@lezer/javascript@^0.15.1":
  version "0.15.2"
  resolved "https://registry.yarnpkg.com/@lezer/javascript/-/javascript-0.15.2.tgz#50b70a02561b047947e050e0619b1aea7131dc5f"
  integrity sha512-ytWvdJ1NAc0pfrNipGQs8otJVfjVibpIiFKH0fl99rKSA6cVlyQN/XTj/dEAQCfBfCBPAFdc30cuUe5CGZ0odA==
  dependencies:
    "@lezer/lr" "^0.15.0"

"@lezer/lr@^0.15.0":
  version "0.15.5"
  resolved "https://registry.yarnpkg.com/@lezer/lr/-/lr-0.15.5.tgz#4bce44169c441d9dda7be398f5202ea65c5f1138"
  integrity sha512-DEcLyhdmBxD1foQe7RegLrSlfS/XaTMGLkO5evkzHWAQKh/JnFWp7j7iNB7s2EpxzRrBCh0U+W7JDCeFhv2mng==
  dependencies:
    "@lezer/common" "^0.15.0"

"@lezer/rust@^0.15.0":
  version "0.15.0"
  resolved "https://registry.yarnpkg.com/@lezer/rust/-/rust-0.15.0.tgz#ddf89cae9d01c46f583162cff4ac71d1b39c1c0f"
  integrity sha512-vq7P0P9478Y4J0cKuwChNJjoZBNERyqBJ4wG94gYORKqXmUei/GtIAxu1Ei24BJRPrVHrg0NmC6daFd+i1re1Q==
  dependencies:
    "@lezer/lr" "^0.15.0"

"@nota-lang/esbuild-utils@^0.3.0":
  version "0.3.0"
  resolved "https://registry.yarnpkg.com/@nota-lang/esbuild-utils/-/esbuild-utils-0.3.0.tgz#017c911276e452e6b9ecb3f834bbf65ab4f34187"
  integrity sha512-wALCuE9LqqbIIfEBZ9Hs+pgAfllCq1TX8145xmQRk1dbqMqYuR56bkz2e+/+spYIP2yQJr1ZK1oaswOzn+qy1w==
  dependencies:
    "@cspotcode/source-map-support" "^0.7.0"
    commander "^8.3.0"
    common-path-prefix "^3.0.0"
    exenv "^1.2.2"
    glob "^7.2.0"
    glob-promise "^4.2.2"
    winston "^3.3.3"

"@nota-lang/nota-components@^0.3.1":
  version "0.3.1"
  resolved "https://registry.yarnpkg.com/@nota-lang/nota-components/-/nota-components-0.3.1.tgz#80a528180551869b4e16def5c54adffc7a91c067"
  integrity sha512-9wTjp5DtWobApiEkD5FcFKjScf+sUmLG2tZ3vB5Tq2sfgmovTOmX/TYQcXew2oFLTrBV8pJsKppFq8SxeYmvlQ==
  dependencies:
    "@popperjs/core" "^2.9.2"
    katex "^0.15.1"

"@nota-lang/nota-editor@^0.3.1":
  version "0.3.1"
  resolved "https://registry.yarnpkg.com/@nota-lang/nota-editor/-/nota-editor-0.3.1.tgz#7829f2799f7690f51834c46fc9d7d555960b3afe"
  integrity sha512-i1Mhdt7gC1P2hrvWkymat5QgYePizsy5EWSp41mVMkM1hYnDR9AGXT4Th7Frhn4oTWMmc382K1GSofxaQPn6bw==
  dependencies:
    "@babel/standalone" "^7.16.4"
    "@nota-lang/nota-components" "^0.3.1"
    "@nota-lang/nota-syntax" "^0.3.1"
    exenv "^1.2.2"
    prettier "^2.5.1"

"@nota-lang/nota-syntax@^0.3.1":
  version "0.3.1"
  resolved "https://registry.yarnpkg.com/@nota-lang/nota-syntax/-/nota-syntax-0.3.1.tgz#aac7d6a7d28fdfa5ad01c6a35ecc042b873e27d6"
  integrity sha512-ebHRhfAHrDzVK/Rq1XrXpgNTMUQohdguqgSkjojuSS3699k9XNUciYXPv/aK2EnK/2spuhTl/LCURKctWZK6EQ==
  dependencies:
    "@babel/standalone" "^7.16.4"

"@popperjs/core@^2.9.2":
  version "2.11.2"
  resolved "https://registry.yarnpkg.com/@popperjs/core/-/core-2.11.2.tgz#830beaec4b4091a9e9398ac50f865ddea52186b9"
  integrity sha512-92FRmppjjqz29VMJ2dn+xdyXZBrMlE42AV6Kq6BwjWV7CNUW1hs2FtxSNLQE+gJhaZ6AAmYuO9y8dshhcBl7vA==

"@types/glob@^7.1.3":
  version "7.2.0"
  resolved "https://registry.yarnpkg.com/@types/glob/-/glob-7.2.0.tgz#bc1b5bf3aa92f25bd5dd39f35c57361bdce5b2eb"
  integrity sha512-ZUxbzKl0IfJILTS6t7ip5fQQM/J3TJYubDm3nMbgubNNYS62eXeUpoLUC8/7fJNiFYHTrGPQn7hspDUzIHX3UA==
  dependencies:
    "@types/minimatch" "*"
    "@types/node" "*"

"@types/minimatch@*":
  version "3.0.5"
  resolved "https://registry.yarnpkg.com/@types/minimatch/-/minimatch-3.0.5.tgz#1001cc5e6a3704b83c236027e77f2f58ea010f40"
  integrity sha512-Klz949h02Gz2uZCMGwDUSDS1YBlTdDDgbWHi+81l29tQALUtvz4rAYi5uoVhE5Lagoq6DeqAUlbrHvW/mXDgdQ==

"@types/node@*":
  version "17.0.8"
  resolved "https://registry.yarnpkg.com/@types/node/-/node-17.0.8.tgz#50d680c8a8a78fe30abe6906453b21ad8ab0ad7b"
  integrity sha512-YofkM6fGv4gDJq78g4j0mMuGMkZVxZDgtU0JRdx6FgiJDG+0fY0GKVolOV8WqVmEhLCXkQRjwDdKyPxJp/uucg==

"@types/prop-types@*":
  version "15.7.4"
  resolved "https://registry.yarnpkg.com/@types/prop-types/-/prop-types-15.7.4.tgz#fcf7205c25dff795ee79af1e30da2c9790808f11"
  integrity sha512-rZ5drC/jWjrArrS8BR6SIr4cWpW09RNTYt9AMZo3Jwwif+iacXAqgVjm0B0Bv/S1jhDXKHqRVNCbACkJ89RAnQ==

"@types/react-dom@^17.0.11":
  version "17.0.11"
  resolved "https://registry.yarnpkg.com/@types/react-dom/-/react-dom-17.0.11.tgz#e1eadc3c5e86bdb5f7684e00274ae228e7bcc466"
  integrity sha512-f96K3k+24RaLGVu/Y2Ng3e1EbZ8/cVJvypZWd7cy0ofCBaf2lcM46xNhycMZ2xGwbBjRql7hOlZ+e2WlJ5MH3Q==
  dependencies:
    "@types/react" "*"

"@types/react@*":
  version "17.0.38"
  resolved "https://registry.yarnpkg.com/@types/react/-/react-17.0.38.tgz#f24249fefd89357d5fa71f739a686b8d7c7202bd"
  integrity sha512-SI92X1IA+FMnP3qM5m4QReluXzhcmovhZnLNm3pyeQlooi02qI7sLiepEYqT678uNiyc25XfCqxREFpy3W7YhQ==
  dependencies:
    "@types/prop-types" "*"
    "@types/scheduler" "*"
    csstype "^3.0.2"

"@types/scheduler@*":
  version "0.16.2"
  resolved "https://registry.yarnpkg.com/@types/scheduler/-/scheduler-0.16.2.tgz#1a62f89525723dde24ba1b01b092bf5df8ad4d39"
  integrity sha512-hppQEBDmlwhFAXKJX2KnWLYu5yMfi91yazPb2l+lbJiwW+wdo1gNeRA+3RgNSO39WYX2euey41KEwnqesU2Jew==

anymatch@~3.1.2:
  version "3.1.2"
  resolved "https://registry.yarnpkg.com/anymatch/-/anymatch-3.1.2.tgz#c0557c096af32f106198f4f4e2a383537e378716"
  integrity sha512-P43ePfOAIupkguHUycrc4qJ9kz8ZiuOUijaETwX7THt0Y/GNK7v0aa8rY816xWjZ7rJdA5XdMcpVFTKMq+RvWg==
  dependencies:
    normalize-path "^3.0.0"
    picomatch "^2.0.4"

async@^3.1.0:
  version "3.2.2"
  resolved "https://registry.yarnpkg.com/async/-/async-3.2.2.tgz#2eb7671034bb2194d45d30e31e24ec7e7f9670cd"
  integrity sha512-H0E+qZaDEfx/FY4t7iLRv1W2fFI6+pyCeTw1uN20AQPiwqwM6ojPxHxdLv4z8hi2DtnW9BOckSspLucW7pIE5g==

balanced-match@^1.0.0:
  version "1.0.2"
  resolved "https://registry.yarnpkg.com/balanced-match/-/balanced-match-1.0.2.tgz#e83e3a7e3f300b34cb9d87f615fa0cbf357690ee"
  integrity sha512-3oSeUO0TMV67hN1AmbXsK4yaqU7tjiHlbxRDZOpH0KW9+CeX4bRAaX0Anxt0tx2MrpRpWwQaPwIlISEJhYU5Pw==

binary-extensions@^2.0.0:
  version "2.2.0"
  resolved "https://registry.yarnpkg.com/binary-extensions/-/binary-extensions-2.2.0.tgz#75f502eeaf9ffde42fc98829645be4ea76bd9e2d"
  integrity sha512-jDctJ/IVQbZoJykoeHbhXpOlNBqGNcwXJKJog42E5HDPUwQTSdjCHdihjj0DlnheQ7blbT6dHOafNAiS8ooQKA==

brace-expansion@^1.1.7:
  version "1.1.11"
  resolved "https://registry.yarnpkg.com/brace-expansion/-/brace-expansion-1.1.11.tgz#3c7fcbf529d87226f3d2f52b966ff5271eb441dd"
  integrity sha512-iCuPHDFgrHX7H2vEI/5xpz07zSHB00TpugqhmYtVmMO6518mCuRMoOYFldEBl0g187ufozdaHgWKcYFb61qGiA==
  dependencies:
    balanced-match "^1.0.0"
    concat-map "0.0.1"

braces@~3.0.2:
  version "3.0.2"
  resolved "https://registry.yarnpkg.com/braces/-/braces-3.0.2.tgz#3454e1a462ee8d599e236df336cd9ea4f8afe107"
  integrity sha512-b8um+L1RzM3WDSzvhm6gIz1yfTbBt6YTlcEKAvsmqCZZFw46z626lVj9j1yEPW33H5H+lBQpZMP1k8l+78Ha0A==
  dependencies:
    fill-range "^7.0.1"

"chokidar@>=3.0.0 <4.0.0":
  version "3.5.2"
  resolved "https://registry.yarnpkg.com/chokidar/-/chokidar-3.5.2.tgz#dba3976fcadb016f66fd365021d91600d01c1e75"
  integrity sha512-ekGhOnNVPgT77r4K/U3GDhu+FQ2S8TnK/s2KbIGXi0SZWuwkZ2QNyfWdZW+TVfn84DpEP7rLeCt2UI6bJ8GwbQ==
  dependencies:
    anymatch "~3.1.2"
    braces "~3.0.2"
    glob-parent "~5.1.2"
    is-binary-path "~2.1.0"
    is-glob "~4.0.1"
    normalize-path "~3.0.0"
    readdirp "~3.6.0"
  optionalDependencies:
    fsevents "~2.3.2"

classnames@^2.3.1:
  version "2.3.1"
  resolved "https://registry.yarnpkg.com/classnames/-/classnames-2.3.1.tgz#dfcfa3891e306ec1dad105d0e88f4417b8535e8e"
  integrity sha512-OlQdbZ7gLfGarSqxesMesDa5uz7KFbID8Kpq/SxIoNGDqY8lSYs0D+hhtBXhcdB3rcbXArFr7vlHheLk1voeNA==

color-convert@^1.9.3:
  version "1.9.3"
  resolved "https://registry.yarnpkg.com/color-convert/-/color-convert-1.9.3.tgz#bb71850690e1f136567de629d2d5471deda4c1e8"
  integrity sha512-QfAUtd+vFdAtFQcC8CCyYt1fYWxSqAiK2cSD6zDB8N3cpsEBAvRxp9zOGg6G/SHHJYAT88/az/IuDGALsNVbGg==
  dependencies:
    color-name "1.1.3"

color-name@1.1.3:
  version "1.1.3"
  resolved "https://registry.yarnpkg.com/color-name/-/color-name-1.1.3.tgz#a7d0558bd89c42f795dd42328f740831ca53bc25"
  integrity sha1-p9BVi9icQveV3UIyj3QIMcpTvCU=

color-name@^1.0.0:
  version "1.1.4"
  resolved "https://registry.yarnpkg.com/color-name/-/color-name-1.1.4.tgz#c2a09a87acbde69543de6f63fa3995c826c536a2"
  integrity sha512-dOy+3AuW3a2wNbZHIuMZpTcgjGuLU/uBL/ubcZF9OXbDo8ff4O8yVp5Bf0efS8uEoYo5q4Fx7dY9OgQGXgAsQA==

color-string@^1.6.0:
  version "1.9.0"
  resolved "https://registry.yarnpkg.com/color-string/-/color-string-1.9.0.tgz#63b6ebd1bec11999d1df3a79a7569451ac2be8aa"
  integrity sha512-9Mrz2AQLefkH1UvASKj6v6hj/7eWgjnT/cVsR8CumieLoT+g900exWeNogqtweI8dxloXN9BDQTYro1oWu/5CQ==
  dependencies:
    color-name "^1.0.0"
    simple-swizzle "^0.2.2"

color@^3.1.3:
  version "3.2.1"
  resolved "https://registry.yarnpkg.com/color/-/color-3.2.1.tgz#3544dc198caf4490c3ecc9a790b54fe9ff45e164"
  integrity sha512-aBl7dZI9ENN6fUGC7mWpMTPNHmWUSNan9tuWN6ahh5ZLNk9baLJOnSMlrQkHcrfFgz2/RigjUVAjdx36VcemKA==
  dependencies:
    color-convert "^1.9.3"
    color-string "^1.6.0"

colors@^1.2.1:
  version "1.4.0"
  resolved "https://registry.yarnpkg.com/colors/-/colors-1.4.0.tgz#c50491479d4c1bdaed2c9ced32cf7c7dc2360f78"
  integrity sha512-a+UqTh4kgZg/SlGvfbzDHpgRu7AAQOmmqRHJnxhRZICKFUT91brVhNNt58CMWU9PsBbv3PDCZUHbVxuDiH2mtA==

colorspace@1.1.x:
  version "1.1.4"
  resolved "https://registry.yarnpkg.com/colorspace/-/colorspace-1.1.4.tgz#8d442d1186152f60453bf8070cd66eb364e59243"
  integrity sha512-BgvKJiuVu1igBUF2kEjRCZXol6wiiGbY5ipL/oVPwm0BL9sIpMIzM8IK7vwuxIIzOXMV3Ey5w+vxhm0rR/TN8w==
  dependencies:
    color "^3.1.3"
    text-hex "1.0.x"

commander@^8.0.0, commander@^8.3.0:
  version "8.3.0"
  resolved "https://registry.yarnpkg.com/commander/-/commander-8.3.0.tgz#4837ea1b2da67b9c616a67afbb0fafee567bca66"
  integrity sha512-OkTL9umf+He2DZkUq8f8J9of7yL6RJKI24dVITBmNfZBmri9zYZQrKkuXiKhyfPSu8tUhnVBB1iKXevvnlR4Ww==

common-path-prefix@^3.0.0:
  version "3.0.0"
  resolved "https://registry.yarnpkg.com/common-path-prefix/-/common-path-prefix-3.0.0.tgz#7d007a7e07c58c4b4d5f433131a19141b29f11e0"
  integrity sha512-QE33hToZseCH3jS0qN96O/bSh3kaw/h+Tq7ngyY9eWDUnTlTNUyqfqvCXioLe5Na5jFsL78ra/wuBU4iuEgd4w==

concat-map@0.0.1:
  version "0.0.1"
  resolved "https://registry.yarnpkg.com/concat-map/-/concat-map-0.0.1.tgz#d8a96bd77fd68df7793a73036a3ba0d5405d477b"
  integrity sha1-2Klr13/Wjfd5OnMDajug1UBdR3s=

crelt@^1.0.5:
  version "1.0.5"
  resolved "https://registry.yarnpkg.com/crelt/-/crelt-1.0.5.tgz#57c0d52af8c859e354bace1883eb2e1eb182bb94"
  integrity sha512-+BO9wPPi+DWTDcNYhr/W90myha8ptzftZT+LwcmUbbok0rcP/fequmFYCw8NMoH7pkAZQzU78b3kYrlua5a9eA==

csstype@^3.0.2:
  version "3.0.10"
  resolved "https://registry.yarnpkg.com/csstype/-/csstype-3.0.10.tgz#2ad3a7bed70f35b965707c092e5f30b327c290e5"
  integrity sha512-2u44ZG2OcNUO9HDp/Jl8C07x6pU/eTR3ncV91SiK3dhG9TWvRVsCoJw14Ckx5DgWkzGA3waZWO3d7pgqpUI/XA==

enabled@2.0.x:
  version "2.0.0"
  resolved "https://registry.yarnpkg.com/enabled/-/enabled-2.0.0.tgz#f9dd92ec2d6f4bbc0d5d1e64e21d61cd4665e7c2"
  integrity sha512-AKrN98kuwOzMIdAizXGI86UFBoo26CL21UM763y1h/GMSJ4/OHU9k2YlsmBpyScFo/wbLzWQJBMCW4+IO3/+OQ==

esbuild-android-arm64@0.14.10:
  version "0.14.10"
  resolved "https://registry.yarnpkg.com/esbuild-android-arm64/-/esbuild-android-arm64-0.14.10.tgz#c854db57dc2d4df6f4f62185ca812f26a132bf1e"
  integrity sha512-vzkTafHKoiMX4uIN1kBnE/HXYLpNT95EgGanVk6DHGeYgDolU0NBxjO7yZpq4ZGFPOx8384eAdDrBYhO11TAlQ==

esbuild-darwin-64@0.14.10:
  version "0.14.10"
  resolved "https://registry.yarnpkg.com/esbuild-darwin-64/-/esbuild-darwin-64-0.14.10.tgz#c44fab6b8bfc83e5d083f513e4acbff14fb82eac"
  integrity sha512-DJwzFVB95ZV7C3PQbf052WqaUuuMFXJeZJ0LKdnP1w+QOU0rlbKfX0tzuhoS//rOXUj1TFIwRuRsd0FX6skR7A==

esbuild-darwin-arm64@0.14.10:
  version "0.14.10"
  resolved "https://registry.yarnpkg.com/esbuild-darwin-arm64/-/esbuild-darwin-arm64-0.14.10.tgz#9454b3763b36407dc395c4c3529fb5ddd4a6225f"
  integrity sha512-RNaaoZDg3nsqs5z56vYCjk/VJ76npf752W0rOaCl5lO5TsgV9zecfdYgt7dtUrIx8b7APhVaNYud+tGsDOVC9g==

esbuild-freebsd-64@0.14.10:
  version "0.14.10"
  resolved "https://registry.yarnpkg.com/esbuild-freebsd-64/-/esbuild-freebsd-64-0.14.10.tgz#04eef46d5d5e4152c6b5a6a12f432db0fe7c89de"
  integrity sha512-10B3AzW894u6bGZZhWiJOHw1uEHb4AFbUuBdyml1Ht0vIqd+KqWW+iY/yMwQAzILr2WJZqEhbOXRkJtY8aRqOw==

esbuild-freebsd-arm64@0.14.10:
  version "0.14.10"
  resolved "https://registry.yarnpkg.com/esbuild-freebsd-arm64/-/esbuild-freebsd-arm64-0.14.10.tgz#67ca88529543ada948737c95819253ead16494a7"
  integrity sha512-mSQrKB7UaWvuryBTCo9leOfY2uEUSimAvcKIaUWbk5Hth9Sg+Try+qNA/NibPgs/vHkX0KFo/Rce6RPea+P15g==

esbuild-linux-32@0.14.10:
  version "0.14.10"
  resolved "https://registry.yarnpkg.com/esbuild-linux-32/-/esbuild-linux-32-0.14.10.tgz#8f3d5fb0b9b616d6b604da781d71767d7679f64f"
  integrity sha512-lktF09JgJLZ63ANYHIPdYe339PDuVn19Q/FcGKkXWf+jSPkn5xkYzAabboNGZNUgNqSJ/vY7VrOn6UrBbJjgYA==

esbuild-linux-64@0.14.10:
  version "0.14.10"
  resolved "https://registry.yarnpkg.com/esbuild-linux-64/-/esbuild-linux-64-0.14.10.tgz#c1c60a079c4709164bdd89fbb007a2edeea7c34a"
  integrity sha512-K+gCQz2oLIIBI8ZM77e9sYD5/DwEpeYCrOQ2SYXx+R4OU2CT9QjJDi4/OpE7ko4AcYMlMW7qrOCuLSgAlEj4Wg==

esbuild-linux-arm64@0.14.10:
  version "0.14.10"
  resolved "https://registry.yarnpkg.com/esbuild-linux-arm64/-/esbuild-linux-arm64-0.14.10.tgz#d8f1f89190f6d8b6e06a1214aafba454e5daa990"
  integrity sha512-+qocQuQvcp5wo/V+OLXxqHPc+gxHttJEvbU/xrCGE03vIMqraL4wMua8JQx0SWEnJCWP+Nhf//v8OSwz1Xr5kA==

esbuild-linux-arm@0.14.10:
  version "0.14.10"
  resolved "https://registry.yarnpkg.com/esbuild-linux-arm/-/esbuild-linux-arm-0.14.10.tgz#43192a00019a4553fb44e67f628fff0f560f16c2"
  integrity sha512-BYa60dZ/KPmNKYxtHa3LSEdfKWHcm/RzP0MjB4AeBPhjS0D6/okhaBesZIY9kVIGDyeenKsJNOmnVt4+dhNnvQ==

esbuild-linux-mips64le@0.14.10:
  version "0.14.10"
  resolved "https://registry.yarnpkg.com/esbuild-linux-mips64le/-/esbuild-linux-mips64le-0.14.10.tgz#f57bb8b2f1a3063cc91cfd787c8a9130cf863c16"
  integrity sha512-nmUd2xoBXpGo4NJCEWoaBj+n4EtDoLEvEYc8Z3aSJrY0Oa6s04czD1flmhd0I/d6QEU8b7GQ9U0g/rtBfhtxBg==

esbuild-linux-ppc64le@0.14.10:
  version "0.14.10"
  resolved "https://registry.yarnpkg.com/esbuild-linux-ppc64le/-/esbuild-linux-ppc64le-0.14.10.tgz#becd965bfe3425d41e026f1c4678b393127fecbd"
  integrity sha512-vsOWZjm0rZix7HSmqwPph9arRVCyPtUpcURdayQDuIhMG2/UxJxpbdRaa//w4zYqcJzAWwuyH2PAlyy0ZNuxqQ==

esbuild-linux-s390x@0.14.10:
  version "0.14.10"
  resolved "https://registry.yarnpkg.com/esbuild-linux-s390x/-/esbuild-linux-s390x-0.14.10.tgz#cc4228ac842febc48b84757814bed964a619be62"
  integrity sha512-knArKKZm0ypIYWOWyOT7+accVwbVV1LZnl2FWWy05u9Tyv5oqJ2F5+X2Vqe/gqd61enJXQWqoufXopvG3zULOg==

esbuild-netbsd-64@0.14.10:
  version "0.14.10"
  resolved "https://registry.yarnpkg.com/esbuild-netbsd-64/-/esbuild-netbsd-64-0.14.10.tgz#6ec50d9e4547a7579f447307b19f66bbedfd868b"
  integrity sha512-6Gg8neVcLeyq0yt9bZpReb8ntZ8LBEjthxrcYWVrBElcltnDjIy1hrzsujt0+sC2rL+TlSsE9dzgyuvlDdPp2w==

esbuild-openbsd-64@0.14.10:
  version "0.14.10"
  resolved "https://registry.yarnpkg.com/esbuild-openbsd-64/-/esbuild-openbsd-64-0.14.10.tgz#925ac3d2326cc219d514e1ca806e80e5143aa043"
  integrity sha512-9rkHZzp10zI90CfKbFrwmQjqZaeDmyQ6s9/hvCwRkbOCHuto6RvMYH9ghQpcr5cUxD5OQIA+sHXi0zokRNXjcg==

esbuild-sass-plugin@^2.0.1:
  version "2.0.1"
  resolved "https://registry.yarnpkg.com/esbuild-sass-plugin/-/esbuild-sass-plugin-2.0.1.tgz#5606ca21604f6b6a53caf9569684de5476b19690"
  integrity sha512-RQnhSigszmxJD2nR6yw48M0ldBhpbPT3ISXX0OON9WrSlO/yIcBjcie5/JQSqdyQltjzGZ2EwaYkiHs05F6mYQ==
  dependencies:
    esbuild "^0.14.8"
    sass "^1.45.1"

esbuild-sunos-64@0.14.10:
  version "0.14.10"
  resolved "https://registry.yarnpkg.com/esbuild-sunos-64/-/esbuild-sunos-64-0.14.10.tgz#8d3576d8cac5c4f9f2a84be81b9078d424dbc739"
  integrity sha512-mEU+pqkhkhbwpJj5DiN3vL0GUFR/yrL3qj8ER1amIVyRibKbj02VM1QaIuk1sy5DRVIKiFXXgCaHvH3RNWCHIw==

esbuild-windows-32@0.14.10:
  version "0.14.10"
  resolved "https://registry.yarnpkg.com/esbuild-windows-32/-/esbuild-windows-32-0.14.10.tgz#8a67fca4cb594a340566d66eef3f568f65057a48"
  integrity sha512-Z5DieUL1N6s78dOSdL95KWf8Y89RtPGxIoMF+LEy8ChDsX+pZpz6uAVCn+YaWpqQXO+2TnrcbgBIoprq2Mco1g==

esbuild-windows-64@0.14.10:
  version "0.14.10"
  resolved "https://registry.yarnpkg.com/esbuild-windows-64/-/esbuild-windows-64-0.14.10.tgz#5e6d7c475ff6a71ad0aa4046894364e6c40a9249"
  integrity sha512-LE5Mm62y0Bilu7RDryBhHIX8rK3at5VwJ6IGM3BsASidCfOBTzqcs7Yy0/Vkq39VKeTmy9/66BAfVoZRNznoDw==

esbuild-windows-arm64@0.14.10:
  version "0.14.10"
  resolved "https://registry.yarnpkg.com/esbuild-windows-arm64/-/esbuild-windows-arm64-0.14.10.tgz#50ab9a83f6ccf71c272e58489ecc4d7375075f32"
  integrity sha512-OJOyxDtabvcUYTc+O4dR0JMzLBz6G9+gXIHA7Oc5d5Fv1xiYa0nUeo8+W5s2e6ZkPRdIwOseYoL70rZz80S5BA==

esbuild@^0.14.8:
  version "0.14.10"
  resolved "https://registry.yarnpkg.com/esbuild/-/esbuild-0.14.10.tgz#10268d2b576b25ed6f8554553413988628a7767b"
  integrity sha512-ibZb+NwFqBwHHJlpnFMtg4aNmVK+LUtYMFC9CuKs6lDCBEvCHpqCFZFEirpqt1jOugwKGx8gALNGvX56lQyfew==
  optionalDependencies:
    esbuild-android-arm64 "0.14.10"
    esbuild-darwin-64 "0.14.10"
    esbuild-darwin-arm64 "0.14.10"
    esbuild-freebsd-64 "0.14.10"
    esbuild-freebsd-arm64 "0.14.10"
    esbuild-linux-32 "0.14.10"
    esbuild-linux-64 "0.14.10"
    esbuild-linux-arm "0.14.10"
    esbuild-linux-arm64 "0.14.10"
    esbuild-linux-mips64le "0.14.10"
    esbuild-linux-ppc64le "0.14.10"
    esbuild-linux-s390x "0.14.10"
    esbuild-netbsd-64 "0.14.10"
    esbuild-openbsd-64 "0.14.10"
    esbuild-sunos-64 "0.14.10"
    esbuild-windows-32 "0.14.10"
    esbuild-windows-64 "0.14.10"
    esbuild-windows-arm64 "0.14.10"

exenv@^1.2.2:
  version "1.2.2"
  resolved "https://registry.yarnpkg.com/exenv/-/exenv-1.2.2.tgz#2ae78e85d9894158670b03d47bec1f03bd91bb9d"
  integrity sha1-KueOhdmJQVhnCwPUe+wfA72Ru50=

fecha@^4.2.0:
  version "4.2.1"
  resolved "https://registry.yarnpkg.com/fecha/-/fecha-4.2.1.tgz#0a83ad8f86ef62a091e22bb5a039cd03d23eecce"
  integrity sha512-MMMQ0ludy/nBs1/o0zVOiKTpG7qMbonKUzjJgQFEuvq6INZ1OraKPRAWkBq5vlKLOUMpmNYG1JoN3oDPUQ9m3Q==

fill-range@^7.0.1:
  version "7.0.1"
  resolved "https://registry.yarnpkg.com/fill-range/-/fill-range-7.0.1.tgz#1919a6a7c75fe38b2c7c77e5198535da9acdda40"
  integrity sha512-qOo9F+dMUmC2Lcb4BbVvnKJxTPjCm+RRpe4gDuGrzkL7mEVl/djYSu2OdQ2Pa302N4oqkSg9ir6jaLWJ2USVpQ==
  dependencies:
    to-regex-range "^5.0.1"

fn.name@1.x.x:
  version "1.1.0"
  resolved "https://registry.yarnpkg.com/fn.name/-/fn.name-1.1.0.tgz#26cad8017967aea8731bc42961d04a3d5988accc"
  integrity sha512-GRnmB5gPyJpAhTQdSZTSp9uaPSvl09KoYcMQtsB9rQoOmzs9dH6ffeccH+Z+cv6P68Hu5bC6JjRh4Ah/mHSNRw==

fs-extra@^10.0.0:
  version "10.0.0"
  resolved "https://registry.yarnpkg.com/fs-extra/-/fs-extra-10.0.0.tgz#9ff61b655dde53fb34a82df84bb214ce802e17c1"
  integrity sha512-C5owb14u9eJwizKGdchcDUQeFtlSHHthBk8pbX9Vc1PFZrLombudjDnNns88aYslCyF6IY5SUw3Roz6xShcEIQ==
  dependencies:
    graceful-fs "^4.2.0"
    jsonfile "^6.0.1"
    universalify "^2.0.0"

fs.realpath@^1.0.0:
  version "1.0.0"
  resolved "https://registry.yarnpkg.com/fs.realpath/-/fs.realpath-1.0.0.tgz#1504ad2523158caa40db4a2787cb01411994ea4f"
  integrity sha1-FQStJSMVjKpA20onh8sBQRmU6k8=

fsevents@~2.3.2:
  version "2.3.2"
  resolved "https://registry.yarnpkg.com/fsevents/-/fsevents-2.3.2.tgz#8a526f78b8fdf4623b709e0b975c52c24c02fd1a"
  integrity sha512-xiqMQR4xAeHTuB9uWm+fFRcIOgKBMiOBP+eXiyT7jsgVCq1bkVygt00oASowB7EdtpOHaaPgKt812P9ab+DDKA==

glob-parent@~5.1.2:
  version "5.1.2"
  resolved "https://registry.yarnpkg.com/glob-parent/-/glob-parent-5.1.2.tgz#869832c58034fe68a4093c17dc15e8340d8401c4"
  integrity sha512-AOIgSQCepiJYwP3ARnGx+5VnTu2HBYdzbGP45eLw1vr3zB3vZLeyed1sC9hnbcOc9/SrMyM5RPQrkGz4aS9Zow==
  dependencies:
    is-glob "^4.0.1"

glob-promise@^4.2.2:
  version "4.2.2"
  resolved "https://registry.yarnpkg.com/glob-promise/-/glob-promise-4.2.2.tgz#15f44bcba0e14219cd93af36da6bb905ff007877"
  integrity sha512-xcUzJ8NWN5bktoTIX7eOclO1Npxd/dyVqUJxlLIDasT4C7KZyqlPIwkdJ0Ypiy3p2ZKahTjK4M9uC3sNSfNMzw==
  dependencies:
    "@types/glob" "^7.1.3"

glob@^7.2.0:
  version "7.2.0"
  resolved "https://registry.yarnpkg.com/glob/-/glob-7.2.0.tgz#d15535af7732e02e948f4c41628bd910293f6023"
  integrity sha512-lmLf6gtyrPq8tTjSmrO94wBeQbFR3HbLHbuyD69wuyQkImp2hWqMGB47OX65FBkPffO641IP9jWa1z4ivqG26Q==
  dependencies:
    fs.realpath "^1.0.0"
    inflight "^1.0.4"
    inherits "2"
    minimatch "^3.0.4"
    once "^1.3.0"
    path-is-absolute "^1.0.0"

graceful-fs@^4.1.6, graceful-fs@^4.2.0:
  version "4.2.9"
  resolved "https://registry.yarnpkg.com/graceful-fs/-/graceful-fs-4.2.9.tgz#041b05df45755e587a24942279b9d113146e1c96"
  integrity sha512-NtNxqUcXgpW2iMrfqSfR73Glt39K+BLwWsPs94yR63v45T0Wbej7eRmL5cWfwEgqXnmjQp3zaJTshdRW/qC2ZQ==

immutable@^4.0.0:
  version "4.0.0"
  resolved "https://registry.yarnpkg.com/immutable/-/immutable-4.0.0.tgz#b86f78de6adef3608395efb269a91462797e2c23"
  integrity sha512-zIE9hX70qew5qTUjSS7wi1iwj/l7+m54KWU247nhM3v806UdGj1yDndXj+IOYxxtW9zyLI+xqFNZjTuDaLUqFw==

inflight@^1.0.4:
  version "1.0.6"
  resolved "https://registry.yarnpkg.com/inflight/-/inflight-1.0.6.tgz#49bd6331d7d02d0c09bc910a1075ba8165b56df9"
  integrity sha1-Sb1jMdfQLQwJvJEKEHW6gWW1bfk=
  dependencies:
    once "^1.3.0"
    wrappy "1"

inherits@2, inherits@^2.0.3:
  version "2.0.4"
  resolved "https://registry.yarnpkg.com/inherits/-/inherits-2.0.4.tgz#0fa2c64f932917c3433a0ded55363aae37416b7c"
  integrity sha512-k/vGaX4/Yla3WzyMCvTQOXYeIHvqOKtnqBduzTHpzpQZzAskKMhZ2K+EnBiSM9zGSoIFeMpXKxa4dYeZIQqewQ==

is-arrayish@^0.3.1:
  version "0.3.2"
  resolved "https://registry.yarnpkg.com/is-arrayish/-/is-arrayish-0.3.2.tgz#4574a2ae56f7ab206896fb431eaeed066fdf8f03"
  integrity sha512-eVRqCvVlZbuw3GrM63ovNSNAeA1K16kaR/LRY/92w0zxQ5/1YzwblUX652i4Xs9RwAGjW9d9y6X88t8OaAJfWQ==

is-binary-path@~2.1.0:
  version "2.1.0"
  resolved "https://registry.yarnpkg.com/is-binary-path/-/is-binary-path-2.1.0.tgz#ea1f7f3b80f064236e83470f86c09c254fb45b09"
  integrity sha512-ZMERYes6pDydyuGidse7OsHxtbI7WVeUEozgR/g7rd0xUimYNlvZRE/K2MgZTjWy725IfelLeVcEM97mmtRGXw==
  dependencies:
    binary-extensions "^2.0.0"

is-extglob@^2.1.1:
  version "2.1.1"
  resolved "https://registry.yarnpkg.com/is-extglob/-/is-extglob-2.1.1.tgz#a88c02535791f02ed37c76a1b9ea9773c833f8c2"
  integrity sha1-qIwCU1eR8C7TfHahueqXc8gz+MI=

is-glob@^4.0.1, is-glob@~4.0.1:
  version "4.0.3"
  resolved "https://registry.yarnpkg.com/is-glob/-/is-glob-4.0.3.tgz#64f61e42cbbb2eec2071a9dac0b28ba1e65d5084"
  integrity sha512-xelSayHH36ZgE7ZWhli7pW34hNbNl8Ojv5KVmkJD4hBdD3th8Tfk9vYasLM+mXWOZhFkgZfxhLSnrwRr4elSSg==
  dependencies:
    is-extglob "^2.1.1"

is-number@^7.0.0:
  version "7.0.0"
  resolved "https://registry.yarnpkg.com/is-number/-/is-number-7.0.0.tgz#7535345b896734d5f80c4d06c50955527a14f12b"
  integrity sha512-41Cifkg6e8TylSpdtTpeLVMqvSBEVzTttHvERD741+pnZ8ANv0004MRL43QKPDlK9cGvNp6NZWZUBlbGXYxxng==

is-stream@^2.0.0:
  version "2.0.1"
  resolved "https://registry.yarnpkg.com/is-stream/-/is-stream-2.0.1.tgz#fac1e3d53b97ad5a9d0ae9cef2389f5810a5c077"
  integrity sha512-hFoiJiTl63nn+kstHGBtewWSKnQLpyb155KHheA1l39uvtO9nWIop1p3udqPcUd/xbF1VLMO4n7OI6p7RbngDg==

"js-tokens@^3.0.0 || ^4.0.0":
  version "4.0.0"
  resolved "https://registry.yarnpkg.com/js-tokens/-/js-tokens-4.0.0.tgz#19203fb59991df98e3a287050d4647cdeaf32499"
  integrity sha512-RdJUflcE3cUzKiMqQgsCu06FPu9UdIJO0beYbPhHN4k6apgJtifcoCtT9bcxOpYBtpD2kCM6Sbzg4CausW/PKQ==

jsonfile@^6.0.1:
  version "6.1.0"
  resolved "https://registry.yarnpkg.com/jsonfile/-/jsonfile-6.1.0.tgz#bc55b2634793c679ec6403094eb13698a6ec0aae"
  integrity sha512-5dgndWOriYSm5cnYaJNhalLNDKOqFwyDB/rr1E9ZsGciGvKPs8R2xYGCacuf3z6K1YKDz182fd+fY3cn3pMqXQ==
  dependencies:
    universalify "^2.0.0"
  optionalDependencies:
    graceful-fs "^4.1.6"

katex@^0.15.1:
  version "0.15.1"
  resolved "https://registry.yarnpkg.com/katex/-/katex-0.15.1.tgz#cf4ce2fa1257c3279cc7a7fe0c8d1fab40800893"
  integrity sha512-KIk+gizli0gl1XaJlCYS8/donGMbzXYTka6BbH3AgvDJTOwyDY4hJ+YmzJ1F0y/3XzX5B9ED8AqB2Hmn2AZ0uA==
  dependencies:
    commander "^8.0.0"

kuler@^2.0.0:
  version "2.0.0"
  resolved "https://registry.yarnpkg.com/kuler/-/kuler-2.0.0.tgz#e2c570a3800388fb44407e851531c1d670b061b3"
  integrity sha512-Xq9nH7KlWZmXAtodXDDRE7vs6DU1gTU8zYDHDiWLSip45Egwq3plLHzPn27NgvzL2r1LMPC1vdqh98sQxtqj4A==

logform@^2.2.0:
  version "2.3.0"
  resolved "https://registry.yarnpkg.com/logform/-/logform-2.3.0.tgz#a3997a05985de2ebd325ae0d166dffc9c6fe6b57"
  integrity sha512-graeoWUH2knKbGthMtuG1EfaSPMZFZBIrhuJHhkS5ZseFBrc7DupCzihOQAzsK/qIKPQaPJ/lFQFctILUY5ARQ==
  dependencies:
    colors "^1.2.1"
    fecha "^4.2.0"
    ms "^2.1.1"
    safe-stable-stringify "^1.1.0"
    triple-beam "^1.3.0"

loose-envify@^1.1.0:
  version "1.4.0"
  resolved "https://registry.yarnpkg.com/loose-envify/-/loose-envify-1.4.0.tgz#71ee51fa7be4caec1a63839f7e682d8132d30caf"
  integrity sha512-lyuxPGr/Wfhrlem2CL/UcnUc1zcqKAImBDzukY7Y5F/yQiNdko6+fRLevlw1HgMySw7f611UIY408EtxRSoK3Q==
  dependencies:
    js-tokens "^3.0.0 || ^4.0.0"

minimatch@^3.0.4:
  version "3.0.4"
  resolved "https://registry.yarnpkg.com/minimatch/-/minimatch-3.0.4.tgz#5166e286457f03306064be5497e8dbb0c3d32083"
  integrity sha512-yJHVQEhyqPLUTgt9B83PXu6W3rx4MvvHvSUvToogpwoGDOUQ+yDrR0HRot+yOCdCO7u4hX3pWft6kWBBcqh0UA==
  dependencies:
    brace-expansion "^1.1.7"

mobx-react-lite@^3.2.0:
  version "3.2.3"
  resolved "https://registry.yarnpkg.com/mobx-react-lite/-/mobx-react-lite-3.2.3.tgz#83d2b32ebf4383cd0dc0d397acbf53a8e9c66765"
  integrity sha512-7exWp1FV0M9dP08H9PIeHlJqDw4IdkQVRMfLYaZFMmlbzSS6ZU6p/kx392KN+rVf81hH3IQYewvRGQ70oiwmbw==

mobx-react@^7.2.1:
  version "7.2.1"
  resolved "https://registry.yarnpkg.com/mobx-react/-/mobx-react-7.2.1.tgz#e9d4c04dc63d05e1139ce773f5fee7a5b4cb7c78"
  integrity sha512-LZS99KFLn75VWDXPdRJhILzVQ7qLcRjQbzkK+wVs0Qg4kWw5hOI2USp7tmu+9zP9KYsVBmKyx2k/8cTTBfsymw==
  dependencies:
    mobx-react-lite "^3.2.0"

mobx@^6.3.9:
  version "6.3.12"
  resolved "https://registry.yarnpkg.com/mobx/-/mobx-6.3.12.tgz#2ceb4f632081a8bf8757ba7e5e01b5810800022f"
  integrity sha512-5Hx2IjhBtySVQlSFe+sHczKgOQ+cCyi8hN2wEvWzpJEEMRflQoDzDwJJ+m7SBWBQhfrWMWb1RGZNk4X1XtxJkQ==

ms@^2.1.1:
  version "2.1.3"
  resolved "https://registry.yarnpkg.com/ms/-/ms-2.1.3.tgz#574c8138ce1d2b5861f0b44579dbadd60c6615b2"
  integrity sha512-6FlzubTLZG3J2a/NVCAleEhjzq5oxgHyaCU9yYXvcLsvoVaHJq/s5xXI6/XXP6tz7R9xAOtHnSO/tXtF3WRTlA==

normalize-path@^3.0.0, normalize-path@~3.0.0:
  version "3.0.0"
  resolved "https://registry.yarnpkg.com/normalize-path/-/normalize-path-3.0.0.tgz#0dcd69ff23a1c9b11fd0978316644a0388216a65"
  integrity sha512-6eZs5Ls3WtCisHWp9S2GUy8dqkpGi4BVSz3GaqiE6ezub0512ESztXUwUB6C6IKbQkY2Pnb/mD4WYojCRwcwLA==

object-assign@^4.1.1:
  version "4.1.1"
  resolved "https://registry.yarnpkg.com/object-assign/-/object-assign-4.1.1.tgz#2109adc7965887cfc05cbbd442cac8bfbb360863"
  integrity sha1-IQmtx5ZYh8/AXLvUQsrIv7s2CGM=

once@^1.3.0:
  version "1.4.0"
  resolved "https://registry.yarnpkg.com/once/-/once-1.4.0.tgz#583b1aa775961d4b113ac17d9c50baef9dd76bd1"
  integrity sha1-WDsap3WWHUsROsF9nFC6753Xa9E=
  dependencies:
    wrappy "1"

one-time@^1.0.0:
  version "1.0.0"
  resolved "https://registry.yarnpkg.com/one-time/-/one-time-1.0.0.tgz#e06bc174aed214ed58edede573b433bbf827cb45"
  integrity sha512-5DXOiRKwuSEcQ/l0kGCF6Q3jcADFv5tSmRaJck/OqkVFcOzutB134KRSfF0xDrL39MNnqxbHBbUUcjZIhTgb2g==
  dependencies:
    fn.name "1.x.x"

path-is-absolute@^1.0.0:
  version "1.0.1"
  resolved "https://registry.yarnpkg.com/path-is-absolute/-/path-is-absolute-1.0.1.tgz#174b9268735534ffbc7ace6bf53a5a9e1b5c5f5f"
  integrity sha1-F0uSaHNVNP+8es5r9TpanhtcX18=

picomatch@^2.0.4, picomatch@^2.2.1:
  version "2.3.1"
  resolved "https://registry.yarnpkg.com/picomatch/-/picomatch-2.3.1.tgz#3ba3833733646d9d3e4995946c1365a67fb07a42"
  integrity sha512-JU3teHTNjmE2VCGFzuY8EXzCDVwEqB2a8fsIvwaStHhAWJEeVd1o1QD80CU6+ZdEXXSLbSsuLwJjkCBWqRQUVA==

prettier@^2.5.1:
  version "2.5.1"
  resolved "https://registry.yarnpkg.com/prettier/-/prettier-2.5.1.tgz#fff75fa9d519c54cf0fce328c1017d94546bc56a"
  integrity sha512-vBZcPRUR5MZJwoyi3ZoyQlc1rXeEck8KgeC9AwwOn+exuxLxq5toTRDTSaVrXHxelDMHy9zlicw8u66yxoSUFg==

react-dom@^17.0.2:
  version "17.0.2"
  resolved "https://registry.yarnpkg.com/react-dom/-/react-dom-17.0.2.tgz#ecffb6845e3ad8dbfcdc498f0d0a939736502c23"
  integrity sha512-s4h96KtLDUQlsENhMn1ar8t2bEa+q/YAtj8pPPdIjPDGBDIVNsrD9aXNWqspUe6AzKCIG0C1HZZLqLV7qpOBGA==
  dependencies:
    loose-envify "^1.1.0"
    object-assign "^4.1.1"
    scheduler "^0.20.2"

react@^17.0.2:
  version "17.0.2"
  resolved "https://registry.yarnpkg.com/react/-/react-17.0.2.tgz#d0b5cc516d29eb3eee383f75b62864cfb6800037"
  integrity sha512-gnhPt75i/dq/z3/6q/0asP78D0u592D5L1pd7M8P+dck6Fu/jJeL6iVVK23fptSUZj8Vjf++7wXA8UNclGQcbA==
  dependencies:
    loose-envify "^1.1.0"
    object-assign "^4.1.1"

readable-stream@^3.4.0:
  version "3.6.0"
  resolved "https://registry.yarnpkg.com/readable-stream/-/readable-stream-3.6.0.tgz#337bbda3adc0706bd3e024426a286d4b4b2c9198"
  integrity sha512-BViHy7LKeTz4oNnkcLJ+lVSL6vpiFeX6/d3oSH8zCW7UxP2onchk+vTGB143xuFjHS3deTgkKoXXymXqymiIdA==
  dependencies:
    inherits "^2.0.3"
    string_decoder "^1.1.1"
    util-deprecate "^1.0.1"

readdirp@~3.6.0:
  version "3.6.0"
  resolved "https://registry.yarnpkg.com/readdirp/-/readdirp-3.6.0.tgz#74a370bd857116e245b29cc97340cd431a02a6c7"
  integrity sha512-hOS089on8RduqdbhvQ5Z37A0ESjsqz6qnRcffsMU3495FuTdqSm+7bhJ29JvIOsBDEEnan5DPu9t3To9VRlMzA==
  dependencies:
    picomatch "^2.2.1"

safe-buffer@~5.2.0:
  version "5.2.1"
  resolved "https://registry.yarnpkg.com/safe-buffer/-/safe-buffer-5.2.1.tgz#1eaf9fa9bdb1fdd4ec75f58f9cdb4e6b7827eec6"
  integrity sha512-rp3So07KcdmmKbGvgaNxQSJr7bGVSVk5S9Eq1F+ppbRo70+YeaDxkw5Dd8NPN+GD6bjnYm2VuPuCXmpuYvmCXQ==

safe-stable-stringify@^1.1.0:
  version "1.1.1"
  resolved "https://registry.yarnpkg.com/safe-stable-stringify/-/safe-stable-stringify-1.1.1.tgz#c8a220ab525cd94e60ebf47ddc404d610dc5d84a"
  integrity sha512-ERq4hUjKDbJfE4+XtZLFPCDi8Vb1JqaxAPTxWFLBx8XcAlf9Bda/ZJdVezs/NAfsMQScyIlUMx+Yeu7P7rx5jw==

sass@^1.45.1:
  version "1.46.0"
  resolved "https://registry.yarnpkg.com/sass/-/sass-1.46.0.tgz#923117049525236026a7ede69715580eb0fac751"
  integrity sha512-Z4BYTgioAOlMmo4LU3Ky2txR8KR0GRPLXxO38kklaYxgo7qMTgy+mpNN4eKsrXDTFlwS5vdruvazG4cihxHRVQ==
  dependencies:
    chokidar ">=3.0.0 <4.0.0"
    immutable "^4.0.0"
    source-map-js ">=0.6.2 <2.0.0"

scheduler@^0.20.2:
  version "0.20.2"
  resolved "https://registry.yarnpkg.com/scheduler/-/scheduler-0.20.2.tgz#4baee39436e34aa93b4874bddcbf0fe8b8b50e91"
  integrity sha512-2eWfGgAqqWFGqtdMmcL5zCMK1U8KlXv8SQFGglL3CEtd0aDVDWgeF/YoCmvln55m5zSk3J/20hTaSBeSObsQDQ==
  dependencies:
    loose-envify "^1.1.0"
    object-assign "^4.1.1"

simple-swizzle@^0.2.2:
  version "0.2.2"
  resolved "https://registry.yarnpkg.com/simple-swizzle/-/simple-swizzle-0.2.2.tgz#a4da6b635ffcccca33f70d17cb92592de95e557a"
  integrity sha1-pNprY1/8zMoz9w0Xy5JZLeleVXo=
  dependencies:
    is-arrayish "^0.3.1"

"source-map-js@>=0.6.2 <2.0.0":
  version "1.0.1"
  resolved "https://registry.yarnpkg.com/source-map-js/-/source-map-js-1.0.1.tgz#a1741c131e3c77d048252adfa24e23b908670caf"
  integrity sha512-4+TN2b3tqOCd/kaGRJ/sTYA0tR0mdXx26ipdolxcwtJVqEnqNYvlCAt1q3ypy4QMlYus+Zh34RNtYLoq2oQ4IA==

stack-trace@0.0.x:
  version "0.0.10"
  resolved "https://registry.yarnpkg.com/stack-trace/-/stack-trace-0.0.10.tgz#547c70b347e8d32b4e108ea1a2a159e5fdde19c0"
  integrity sha1-VHxws0fo0ytOEI6hoqFZ5f3eGcA=

string_decoder@^1.1.1:
  version "1.3.0"
  resolved "https://registry.yarnpkg.com/string_decoder/-/string_decoder-1.3.0.tgz#42f114594a46cf1a8e30b0a84f56c78c3edac21e"
  integrity sha512-hkRX8U1WjJFd8LsDJ2yQ/wWWxaopEsABU1XfkM8A+j0+85JAGppt16cr1Whg6KIbb4okU6Mql6BOj+uup/wKeA==
  dependencies:
    safe-buffer "~5.2.0"

style-mod@^4.0.0:
  version "4.0.0"
  resolved "https://registry.yarnpkg.com/style-mod/-/style-mod-4.0.0.tgz#97e7c2d68b592975f2ca7a63d0dd6fcacfe35a01"
  integrity sha512-OPhtyEjyyN9x3nhPsu76f52yUGXiZcgvsrFVtvTkyGRQJ0XK+GPc6ov1z+lRpbeabka+MYEQxOYRnt5nF30aMw==

text-hex@1.0.x:
  version "1.0.0"
  resolved "https://registry.yarnpkg.com/text-hex/-/text-hex-1.0.0.tgz#69dc9c1b17446ee79a92bf5b884bb4b9127506f5"
  integrity sha512-uuVGNWzgJ4yhRaNSiubPY7OjISw4sw4E5Uv0wbjp+OzcbmVU/rsT8ujgcXJhn9ypzsgr5vlzpPqP+MBBKcGvbg==

to-regex-range@^5.0.1:
  version "5.0.1"
  resolved "https://registry.yarnpkg.com/to-regex-range/-/to-regex-range-5.0.1.tgz#1648c44aae7c8d988a326018ed72f5b4dd0392e4"
  integrity sha512-65P7iz6X5yEr1cwcgvQxbbIw7Uk3gOy5dIdtZ4rDveLqhrdJP+Li/Hx6tyK0NEb+2GCyneCMJiGqrADCSNk8sQ==
  dependencies:
    is-number "^7.0.0"

triple-beam@^1.2.0, triple-beam@^1.3.0:
  version "1.3.0"
  resolved "https://registry.yarnpkg.com/triple-beam/-/triple-beam-1.3.0.tgz#a595214c7298db8339eeeee083e4d10bd8cb8dd9"
  integrity sha512-XrHUvV5HpdLmIj4uVMxHggLbFSZYIn7HEWsqePZcI50pco+MPqJ50wMGY794X7AOOhxOBAjbkqfAbEe/QMp2Lw==

typescript@^4.5.4:
  version "4.5.4"
  resolved "https://registry.yarnpkg.com/typescript/-/typescript-4.5.4.tgz#a17d3a0263bf5c8723b9c52f43c5084edf13c2e8"
  integrity sha512-VgYs2A2QIRuGphtzFV7aQJduJ2gyfTljngLzjpfW9FoYZF6xuw1W0vW9ghCKLfcWrCFxK81CSGRAvS1pn4fIUg==

universalify@^2.0.0:
  version "2.0.0"
  resolved "https://registry.yarnpkg.com/universalify/-/universalify-2.0.0.tgz#75a4984efedc4b08975c5aeb73f530d02df25717"
  integrity sha512-hAZsKq7Yy11Zu1DE0OzWjw7nnLZmJZYTDZZyEFHZdUhV8FkH5MCfoU1XMaxXovpyW5nq5scPqq0ZDP9Zyl04oQ==

util-deprecate@^1.0.1:
  version "1.0.2"
  resolved "https://registry.yarnpkg.com/util-deprecate/-/util-deprecate-1.0.2.tgz#450d4dc9fa70de732762fbd2d4a28981419a0ccf"
  integrity sha1-RQ1Nyfpw3nMnYvvS1KKJgUGaDM8=

w3c-keyname@^2.2.4:
  version "2.2.4"
  resolved "https://registry.yarnpkg.com/w3c-keyname/-/w3c-keyname-2.2.4.tgz#4ade6916f6290224cdbd1db8ac49eab03d0eef6b"
  integrity sha512-tOhfEwEzFLJzf6d1ZPkYfGj+FWhIpBux9ppoP3rlclw3Z0BZv3N7b7030Z1kYth+6rDuAsXUFr+d0VE6Ed1ikw==

winston-transport@^4.4.0:
  version "4.4.1"
  resolved "https://registry.yarnpkg.com/winston-transport/-/winston-transport-4.4.1.tgz#42a830e07363719c13c12bd2fb87a226f692dc75"
  integrity sha512-ciZRlU4CSjHqHe8RQG1iPxKMRVwv6ZJ0RC7DxStKWd0KjpAhPDy5gVYSCpIUq+5CUsP+IyNOTZy1X0tO2QZqjg==
  dependencies:
    logform "^2.2.0"
    readable-stream "^3.4.0"
    triple-beam "^1.2.0"

winston@^3.3.3:
  version "3.3.3"
  resolved "https://registry.yarnpkg.com/winston/-/winston-3.3.3.tgz#ae6172042cafb29786afa3d09c8ff833ab7c9170"
  integrity sha512-oEXTISQnC8VlSAKf1KYSSd7J6IWuRPQqDdo8eoRNaYKLvwSb5+79Z3Yi1lrl6KDpU6/VWaxpakDAtb1oQ4n9aw==
  dependencies:
    "@dabh/diagnostics" "^2.0.2"
    async "^3.1.0"
    is-stream "^2.0.0"
    logform "^2.2.0"
    one-time "^1.0.0"
    readable-stream "^3.4.0"
    stack-trace "0.0.x"
    triple-beam "^1.3.0"
    winston-transport "^4.4.0"

wrappy@1:
  version "1.0.2"
  resolved "https://registry.yarnpkg.com/wrappy/-/wrappy-1.0.2.tgz#b5243d8f3ec1aa35f1364605bc0d1036e30ab69f"
  integrity sha1-tSQ9jz7BqjXxNkYFvA0QNuMKtp8=
